
Microsoft Visual Studio Solution File, Format Version 12.00
# Visual Studio Version 17
VisualStudioVersion = 17.5.33530.505
MinimumVisualStudioVersion = 10.0.40219.1
Project("{FAE04EC0-301F-11D3-BF4B-00C04F79EFBC}") = "IoC", "IoC\IoC.csproj", "{C2F45D34-8C14-47A8-A12B-3CFC1B6EF919}"
EndProject
Project("{FAE04EC0-301F-11D3-BF4B-00C04F79EFBC}") = "IoC.Web", "IoC.Web\IoC.Web.csproj", "{2126C411-B830-45C6-9BEA-5BBC3C7EFF20}"
EndProject
Global
	GlobalSection(SolutionConfigurationPlatforms) = preSolution
		Debug|Any CPU = Debug|Any CPU
		Release|Any CPU = Release|Any CPU
	EndGlobalSection
	GlobalSection(ProjectConfigurationPlatforms) = postSolution
		{C2F45D34-8C14-47A8-A12B-3CFC1B6EF919}.Debug|Any CPU.ActiveCfg = Debug|Any CPU
		{C2F45D34-8C14-47A8-A12B-3CFC1B6EF919}.Debug|Any CPU.Build.0 = Debug|Any CPU
		{C2F45D34-8C14-47A8-A12B-3CFC1B6EF919}.Release|Any CPU.ActiveCfg = Release|Any CPU
		{C2F45D34-8C14-47A8-A12B-3CFC1B6EF919}.Release|Any CPU.Build.0 = Release|Any CPU
		{2126C411-B830-45C6-9BEA-5BBC3C7EFF20}.Debug|Any CPU.ActiveCfg = Debug|Any CPU
		{2126C411-B830-45C6-9BEA-5BBC3C7EFF20}.Debug|Any CPU.Build.0 = Debug|Any CPU
		{2126C411-B830-45C6-9BEA-5BBC3C7EFF20}.Release|Any CPU.ActiveCfg = Release|Any CPU
		{2126C411-B830-45C6-9BEA-5BBC3C7EFF20}.Release|Any CPU.Build.0 = Release|Any CPU
	EndGlobalSection
	GlobalSection(SolutionProperties) = preSolution
		HideSolutionNode = FALSE
	EndGlobalSection
	GlobalSection(ExtensibilityGlobals) = postSolution
		SolutionGuid = {06A27F52-23FE-4B8A-87C0-A828F1AEB938}
	EndGlobalSection
EndGlobal
